
Microsoft Visual Studio Solution File, Format Version 12.00
# Visual Studio Version 17
VisualStudioVersion = 17.1.32414.318
MinimumVisualStudioVersion = 10.0.40219.1
Project("{FAE04EC0-301F-11D3-BF4B-00C04F79EFBC}") = "Wpf2", "Wpf2.csproj", "{B1D49177-D719-41FF-8C63-90E5368FB177}"
EndProject
Global
	GlobalSection(SolutionConfigurationPlatforms) = preSolution
		Debug|Any CPU = Debug|Any CPU
		Release|Any CPU = Release|Any CPU
	EndGlobalSection
	GlobalSection(ProjectConfigurationPlatforms) = postSolution
		{B1D49177-D719-41FF-8C63-90E5368FB177}.Debug|Any CPU.ActiveCfg = Debug|Any CPU
		{B1D49177-D719-41FF-8C63-90E5368FB177}.Debug|Any CPU.Build.0 = Debug|Any CPU
		{B1D49177-D719-41FF-8C63-90E5368FB177}.Release|Any CPU.ActiveCfg = Release|Any CPU
		{B1D49177-D719-41FF-8C63-90E5368FB177}.Release|Any CPU.Build.0 = Release|Any CPU
	EndGlobalSection
	GlobalSection(SolutionProperties) = preSolution
		HideSolutionNode = FALSE
	EndGlobalSection
	GlobalSection(ExtensibilityGlobals) = postSolution
		SolutionGuid = {3D4EC913-32D8-491B-91E5-B52287EC7658}
	EndGlobalSection
EndGlobal
